
Microsoft Visual Studio Solution File, Format Version 12.00
# Visual Studio Version 17
VisualStudioVersion = 17.1.32421.90
MinimumVisualStudioVersion = 10.0.40219.1
Project("{FAE04EC0-301F-11D3-BF4B-00C04F79EFBC}") = "MessagingService", "MessagingService\MessagingService.csproj", "{E785FFE0-9736-430E-AD12-2C5CCA27753D}"
EndProject
Global
	GlobalSection(SolutionConfigurationPlatforms) = preSolution
		Debug|Any CPU = Debug|Any CPU
		Release|Any CPU = Release|Any CPU
	EndGlobalSection
	GlobalSection(ProjectConfigurationPlatforms) = postSolution
		{E785FFE0-9736-430E-AD12-2C5CCA27753D}.Debug|Any CPU.ActiveCfg = Debug|Any CPU
		{E785FFE0-9736-430E-AD12-2C5CCA27753D}.Debug|Any CPU.Build.0 = Debug|Any CPU
		{E785FFE0-9736-430E-AD12-2C5CCA27753D}.Release|Any CPU.ActiveCfg = Release|Any CPU
		{E785FFE0-9736-430E-AD12-2C5CCA27753D}.Release|Any CPU.Build.0 = Release|Any CPU
	EndGlobalSection
	GlobalSection(SolutionProperties) = preSolution
		HideSolutionNode = FALSE
	EndGlobalSection
	GlobalSection(ExtensibilityGlobals) = postSolution
		SolutionGuid = {E8126211-600C-4D63-A4FE-484D73287655}
	EndGlobalSection
EndGlobal
